PODS:
  - Kingfisher (7.8.1)
  - ReachabilitySwift (5.0.0)

DEPENDENCIES:
  - Kingfisher
  - ReachabilitySwift

SPEC REPOS:
  trunk:
    - Kingfisher
    - ReachabilitySwift

SPEC CHECKSUMS:
  Kingfisher: 63f677311d36a3473f6b978584f8a3845d023dc5
  ReachabilitySwift: 985039c6f7b23a1da463388634119492ff86c825

PODFILE CHECKSUM: 0300bc7c5b7100588c8443f90b7e117e2d822a63

COCOAPODS: 1.12.1
